{
    "_meta": {
        "hash": {
            "sha256": "1f97323198e7579c7b75c18d83261b949a5f5fbf6b805705d70590bb9c88861d"
        },
        "pipfile-spec": 6,
        "requires": {
            "python_version": "3"
        },
        "sources": [
            {
                "name": "pypi",
                "url": "https://pypi.org/simple",
                "verify_ssl": true
            }
        ]
    },
    "default": {
        "attrs": {
            "hashes": [
                "sha256:8f5c07333d543103541ba7be0e2ce16eeee8130cb0b3f9238ab904ce1e85baff",
                "sha256:ac96cd038792094f438ad1f6ff80837353805ac950cd2aa0e0625ef19850c308"
            ],
            "markers": "python_version >= '3.8'",
            "version": "==24.3.0"
        },
        "aws-cdk-lib": {
            "hashes": [
                "sha256:1a559f6edb02eb436b2749fd7a108e9e9e7e2de040a04b0400d48ba711f1fdc1",
                "sha256:cf79a526584c5fa694a5723dcd1dd4d90a0f28919ae93bc0a36b9d756145adfd"
            ],
            "index": "pypi",
            "markers": "python_version ~= '3.7'",
            "version": "==2.84.0"
        },
        "aws-cdk.asset-awscli-v1": {
            "hashes": [
                "sha256:15770113ce84839a27bd90e0a3382875eec91b19136d234714da288b23b97ff2",
                "sha256:499267bcdb3a9c00fd33f702f8e41c00c5a992814f6792801dda71bc2aa6054a"
            ],
            "markers": "python_version ~= '3.8'",
            "version": "==2.2.216"
        },
        "aws-cdk.asset-kubectl-v20": {
            "hashes": [
                "sha256:237cd8530d9e8be0bbc7159af927dbb6b7f91bf3f4099c8ef4d9a213b34264be",
                "sha256:d5612e5bd03c215a28ce53193b1144ecf4e93b3b6779563c046a8a74d83a3979"
            ],
            "markers": "python_version ~= '3.8'",
            "version": "==2.1.3"
        },
        "aws-cdk.asset-node-proxy-agent-v5": {
            "hashes": [
                "sha256:73d4a4f4bdeb3019779137e4b18d7c5efc8353dff673508bd8c584569ea18db6",
                "sha256:d71d80710734c47f7114e3e51843c4a8ebae3bbe5032a5af40ca56ca611c0cfe"
            ],
            "markers": "python_version ~= '3.7'",
            "version": "==2.0.166"
        },
        "aws-cdk.integ-tests-alpha": {
            "hashes": [
                "sha256:ced886e80a549ffe8e951bbffdd47af98b96ffde0f6ae07ea25ab75b635f093c",
                "sha256:fa2102de289799d662b52b03de4fe60ba96b04efd8a0c74db2bfbee5d7c4edff"
            ],
            "markers": "python_version ~= '3.7'",
            "version": "==2.84.0a0"
        },
        "cattrs": {
            "hashes": [
                "sha256:67c7495b760168d931a10233f979b28dc04daf853b30752246f4f8471c6d68d0",
                "sha256:8028cfe1ff5382df59dd36474a86e02d817b06eaf8af84555441bac915d2ef85"
            ],
            "markers": "python_version >= '3.8'",
            "version": "==24.1.2"
        },
        "constructs": {
            "hashes": [
                "sha256:1f0f59b004edebfde0f826340698b8c34611f57848139b7954904c61645f13c1",
                "sha256:ce54724360fffe10bab27d8a081844eb81f5ace7d7c62c84b719c49f164d5307"
            ],
            "index": "pypi",
            "markers": "python_version ~= '3.8'",
            "version": "==10.4.2"
        },
        "importlib-resources": {
            "hashes": [
                "sha256:980862a1d16c9e147a59603677fa2aa5fd82b87f223b6cb870695bcfce830065",
                "sha256:ac29d5f956f01d5e4bb63102a5a19957f1b9175e45649977264a1416783bb717"
            ],
            "markers": "python_version >= '3.8'",
            "version": "==6.4.5"
        },
        "jsii": {
            "hashes": [
                "sha256:5a44d7c3a5a326fa3d9befdb3770b380057e0a61e3804e7c4907f70d76afaaa2",
                "sha256:c79c47899f53a7c3c4b20f80d3cd306628fe9ed1852eee970324c71eba1d974e"
            ],
            "markers": "python_version ~= '3.8'",
            "version": "==1.106.0"
        },
        "mrgrain.cdk-esbuild": {
            "hashes": [
                "sha256:0e6964cb1fee15ec493b1130d8b670b97cd39defced10fda95aafa9a4644c703",
                "sha256:9baea720b26b1c2715a4be6e68289656c09dd8801519b0b3e826917f830fba3b"
            ],
            "markers": "python_version ~= '3.7'",
            "path": "./dist/python/mrgrain.cdk_esbuild-0.0.0-py3-none-any.whl"
        },
        "publication": {
            "hashes": [
                "sha256:0248885351febc11d8a1098d5c8e3ab2dabcf3e8c0c96db1e17ecd12b53afbe6",
                "sha256:68416a0de76dddcdd2930d1c8ef853a743cc96c82416c4e4d3b5d901c6276dc4"
            ],
            "version": "==0.0.3"
        },
        "python-dateutil": {
            "hashes": [
                "sha256:37dd54208da7e1cd875388217d5e00ebd4179249f90fb72437e91a35459a0ad3",
                "sha256:a8b2bc7bffae282281c8140a97d3aa9c14da0b136dfe83f850eea9a5f7470427"
            ],
            "markers": "python_version >= '2.7' and python_version not in '3.0, 3.1, 3.2'",
            "version": "==2.9.0.post0"
        },
        "six": {
            "hashes": [
                "sha256:4721f391ed90541fddacab5acf947aa0d3dc7d27b2e1e8eda2be8970586c3274",
                "sha256:ff70335d468e7eb6ec65b95b99d3a2836546063f63acc5171de367e834932a81"
            ],
            "markers": "python_version >= '2.7' and python_version not in '3.0, 3.1, 3.2'",
            "version": "==1.17.0"
        },
        "typeguard": {
            "hashes": [
                "sha256:00edaa8da3a133674796cf5ea87d9f4b4c367d77476e185e80251cc13dfbb8c4",
                "sha256:5e3e3be01e887e7eafae5af63d1f36c849aaa94e3a0112097312aabfa16284f1"
            ],
            "markers": "python_full_version >= '3.5.3'",
            "version": "==2.13.3"
        },
        "typing-extensions": {
            "hashes": [
                "sha256:04e5ca0351e0f3f85c6853954072df659d0d13fac324d0072316b67d7794700d",
                "sha256:1a7ead55c7e559dd4dee8856e3a88b41225abfe1ce8df57b7c13915fe121ffb8"
            ],
            "markers": "python_version >= '3.8'",
            "version": "==4.12.2"
        }
    },
    "develop": {}
}
