{
    "_meta": {
        "hash": {
            "sha256": "bd465d9a516981aebabf6decb8f725d16299547a6e4fe89b4484eb13026641f9"
        },
        "pipfile-spec": 6,
        "requires": {
            "python_version": "3"
        },
        "sources": [
            {
                "name": "pypi",
                "url": "https://pypi.org/simple",
                "verify_ssl": true
            }
        ]
    },
    "default": {
        "attrs": {
            "hashes": [
                "sha256:c647aa4a12dfbad9333ca4e71fe62ddc36f4e63b2d260a37a8b83d2f043ac309",
                "sha256:d03ceb89cb322a8fd706d4fb91940737b6642aa36998fe130a9bc96c985eff32"
            ],
            "markers": "python_version >= '3.9'",
            "version": "==26.1.0"
        },
        "aws-cdk-lib": {
            "hashes": [
                "sha256:1a559f6edb02eb436b2749fd7a108e9e9e7e2de040a04b0400d48ba711f1fdc1",
                "sha256:cf79a526584c5fa694a5723dcd1dd4d90a0f28919ae93bc0a36b9d756145adfd"
            ],
            "index": "pypi",
            "markers": "python_version ~= '3.7'",
            "version": "==2.84.0"
        },
        "aws-cdk.asset-awscli-v1": {
            "hashes": [
                "sha256:384f50e36ce11637ebf4cf57406ad3a420a2cd69db521c42df4d9a5a748347ab",
                "sha256:be23ac2bb7fefb9eabfc443563e40a9a0c7dcd0f2b639b0edfc7c7f7bf128f7a"
            ],
            "markers": "python_version >= '3.10'",
            "version": "==2.2.294"
        },
        "aws-cdk.asset-kubectl-v20": {
            "hashes": [
                "sha256:14a194e14adbf3868a8105b07e8714e10e6621a22beca9b4859a82a9cfbe68f6",
                "sha256:c723c94c6c89283efef779ca44bea8e2e312d49b07bf5beaf6f27340e1fecff4"
            ],
            "markers": "python_version ~= '3.8'",
            "version": "==2.1.4"
        },
        "aws-cdk.asset-node-proxy-agent-v5": {
            "hashes": [
                "sha256:73d4a4f4bdeb3019779137e4b18d7c5efc8353dff673508bd8c584569ea18db6",
                "sha256:d71d80710734c47f7114e3e51843c4a8ebae3bbe5032a5af40ca56ca611c0cfe"
            ],
            "markers": "python_version ~= '3.7'",
            "version": "==2.0.166"
        },
        "aws-cdk.integ-tests-alpha": {
            "hashes": [
                "sha256:ced886e80a549ffe8e951bbffdd47af98b96ffde0f6ae07ea25ab75b635f093c",
                "sha256:fa2102de289799d662b52b03de4fe60ba96b04efd8a0c74db2bfbee5d7c4edff"
            ],
            "markers": "python_version ~= '3.7'",
            "version": "==2.84.0a0"
        },
        "cattrs": {
            "hashes": [
                "sha256:d1e0804c42639494d469d08d4f26d6b9de9b8ab26b446db7b5f8c2e97f7c3096",
                "sha256:fa239e0f0ec0715ba34852ce813986dfed1e12117e209b816ab87401271cdd40"
            ],
            "markers": "python_version >= '3.10'",
            "version": "==26.1.0"
        },
        "constructs": {
            "hashes": [
                "sha256:9f6e4eb1f6b8b1ac8dcbc85457dcbb1e3f9bd93bbeef03154f6cc7fbbba74b06",
                "sha256:f71297db64723889147c82de46dcacaa76b120f856d5b5ac5f65abb22ea88355"
            ],
            "index": "pypi",
            "markers": "python_version >= '3.10'",
            "version": "==10.8.1"
        },
        "jsii": {
            "hashes": [
                "sha256:454c874d963a862f6b90bc013c45a720e51292659f57249d9cae7cb2a189ec0e",
                "sha256:aa24f27d15d8d7db1ff32a9c56074bc87e728b30330ead97fb149419a3721a50"
            ],
            "markers": "python_version >= '3.10'",
            "version": "==1.140.0"
        },
        "mrgrain-cdk-esbuild": {
            "hashes": [
                "sha256:0e6964cb1fee15ec493b1130d8b670b97cd39defced10fda95aafa9a4644c703",
                "sha256:9baea720b26b1c2715a4be6e68289656c09dd8801519b0b3e826917f830fba3b"
            ],
            "version": "==0.0.0"
        },
        "publication": {
            "hashes": [
                "sha256:0248885351febc11d8a1098d5c8e3ab2dabcf3e8c0c96db1e17ecd12b53afbe6",
                "sha256:68416a0de76dddcdd2930d1c8ef853a743cc96c82416c4e4d3b5d901c6276dc4"
            ],
            "version": "==0.0.3"
        },
        "python-dateutil": {
            "hashes": [
                "sha256:37dd54208da7e1cd875388217d5e00ebd4179249f90fb72437e91a35459a0ad3",
                "sha256:a8b2bc7bffae282281c8140a97d3aa9c14da0b136dfe83f850eea9a5f7470427"
            ],
            "markers": "python_version >= '2.7' and python_version not in '3.0, 3.1, 3.2'",
            "version": "==2.9.0.post0"
        },
        "six": {
            "hashes": [
                "sha256:4721f391ed90541fddacab5acf947aa0d3dc7d27b2e1e8eda2be8970586c3274",
                "sha256:ff70335d468e7eb6ec65b95b99d3a2836546063f63acc5171de367e834932a81"
            ],
            "markers": "python_version >= '2.7' and python_version not in '3.0, 3.1, 3.2'",
            "version": "==1.17.0"
        },
        "typeguard": {
            "hashes": [
                "sha256:00edaa8da3a133674796cf5ea87d9f4b4c367d77476e185e80251cc13dfbb8c4",
                "sha256:5e3e3be01e887e7eafae5af63d1f36c849aaa94e3a0112097312aabfa16284f1"
            ],
            "markers": "python_full_version >= '3.5.3'",
            "version": "==2.13.3"
        },
        "typing-extensions": {
            "hashes": [
                "sha256:481caa481374e813c1b176ada14e97f1f67a4539ce9cfeb3f350d78d6370c2e8",
                "sha256:dc983d19a509c94dba722ee6abd33940f7c05a89e243c47e907eb4db6f1a43e5"
            ],
            "markers": "python_version >= '3.9'",
            "version": "==4.16.0"
        }
    },
    "develop": {}
}
