{
    "_meta": {
        "hash": {
            "sha256": "1f97323198e7579c7b75c18d83261b949a5f5fbf6b805705d70590bb9c88861d"
        },
        "pipfile-spec": 6,
        "requires": {
            "python_version": "3"
        },
        "sources": [
            {
                "name": "pypi",
                "url": "https://pypi.org/simple",
                "verify_ssl": true
            }
        ]
    },
    "default": {
        "attrs": {
            "hashes": [
                "sha256:935dc3b529c262f6cf76e50877d35a4bd3c1de194fd41f47a2b7ae8f19971f30",
                "sha256:99b87a485a5820b23b879f04c2305b44b951b502fd64be915879d77a7e8fc6f1"
            ],
            "markers": "python_version >= '3.7'",
            "version": "==23.2.0"
        },
        "aws-cdk-lib": {
            "hashes": [
                "sha256:1a559f6edb02eb436b2749fd7a108e9e9e7e2de040a04b0400d48ba711f1fdc1",
                "sha256:cf79a526584c5fa694a5723dcd1dd4d90a0f28919ae93bc0a36b9d756145adfd"
            ],
            "index": "pypi",
            "markers": "python_version ~= '3.7'",
            "version": "==2.84.0"
        },
        "aws-cdk.asset-awscli-v1": {
            "hashes": [
                "sha256:3ef87d6530736b3a7b0f777fe3b4297994dd40c3ce9306d95f80f48fb18036e8",
                "sha256:96205ea2e5e132ec52fabfff37ea25b9b859498f167d05b32564c949822cd331"
            ],
            "markers": "python_version ~= '3.8'",
            "version": "==2.2.202"
        },
        "aws-cdk.asset-kubectl-v20": {
            "hashes": [
                "sha256:346283e43018a43e3b3ca571de3f44e85d49c038dc20851894cb8f9b2052b164",
                "sha256:7f0617ab6cb942b066bd7174bf3e1f377e57878c3e1cddc21d6b2d13c92d0cc1"
            ],
            "markers": "python_version ~= '3.7'",
            "version": "==2.1.2"
        },
        "aws-cdk.asset-node-proxy-agent-v5": {
            "hashes": [
                "sha256:73d4a4f4bdeb3019779137e4b18d7c5efc8353dff673508bd8c584569ea18db6",
                "sha256:d71d80710734c47f7114e3e51843c4a8ebae3bbe5032a5af40ca56ca611c0cfe"
            ],
            "markers": "python_version ~= '3.7'",
            "version": "==2.0.166"
        },
        "aws-cdk.integ-tests-alpha": {
            "hashes": [
                "sha256:ced886e80a549ffe8e951bbffdd47af98b96ffde0f6ae07ea25ab75b635f093c",
                "sha256:fa2102de289799d662b52b03de4fe60ba96b04efd8a0c74db2bfbee5d7c4edff"
            ],
            "markers": "python_version ~= '3.7'",
            "version": "==2.84.0a0"
        },
        "cattrs": {
            "hashes": [
                "sha256:0341994d94971052e9ee70662542699a3162ea1e0c62f7ce1b4a57f563685108",
                "sha256:a934090d95abaa9e911dac357e3a8699e0b4b14f8529bcc7d2b1ad9d51672b9f"
            ],
            "markers": "python_version >= '3.8'",
            "version": "==23.2.3"
        },
        "constructs": {
            "hashes": [
                "sha256:2972f514837565ff5b09171cfba50c0159dfa75ee86a42921ea8c86f2941b3d2",
                "sha256:518551135ec236f9cc6b86500f4fbbe83b803ccdc6c2cb7684e0b7c4d234e7b1"
            ],
            "index": "pypi",
            "markers": "python_version ~= '3.7'",
            "version": "==10.3.0"
        },
        "importlib-resources": {
            "hashes": [
                "sha256:308abf8474e2dba5f867d279237cd4076482c3de7104a40b41426370e891549b",
                "sha256:9a0a862501dc38b68adebc82970140c9e4209fc99601782925178f8386339938"
            ],
            "markers": "python_version >= '3.8'",
            "version": "==6.1.2"
        },
        "jsii": {
            "hashes": [
                "sha256:1105bae271ae47c27cf31c1565c5157306efed5ad9323c9a27336f962f465716",
                "sha256:175abc356603d98f18ab6f6aa74bfeae253e4e56340aef9dc40bbb1a6a59868b"
            ],
            "markers": "python_version ~= '3.8'",
            "version": "==1.94.0"
        },
        "mrgrain.cdk-esbuild": {
            "hashes": [
                "sha256:0e6964cb1fee15ec493b1130d8b670b97cd39defced10fda95aafa9a4644c703",
                "sha256:9baea720b26b1c2715a4be6e68289656c09dd8801519b0b3e826917f830fba3b"
            ],
            "markers": "python_version ~= '3.7'",
            "path": "./dist/python/mrgrain.cdk_esbuild-0.0.0-py3-none-any.whl"
        },
        "publication": {
            "hashes": [
                "sha256:0248885351febc11d8a1098d5c8e3ab2dabcf3e8c0c96db1e17ecd12b53afbe6",
                "sha256:68416a0de76dddcdd2930d1c8ef853a743cc96c82416c4e4d3b5d901c6276dc4"
            ],
            "version": "==0.0.3"
        },
        "python-dateutil": {
            "hashes": [
                "sha256:37dd54208da7e1cd875388217d5e00ebd4179249f90fb72437e91a35459a0ad3",
                "sha256:a8b2bc7bffae282281c8140a97d3aa9c14da0b136dfe83f850eea9a5f7470427"
            ],
            "markers": "python_version >= '2.7' and python_version not in '3.0, 3.1, 3.2, 3.3'",
            "version": "==2.9.0.post0"
        },
        "six": {
            "hashes": [
                "sha256:1e61c37477a1626458e36f7b1d82aa5c9b094fa4802892072e49de9c60c4c926",
                "sha256:8abb2f1d86890a2dfb989f9a77cfcfd3e47c2a354b01111771326f8aa26e0254"
            ],
            "markers": "python_version >= '2.7' and python_version not in '3.0, 3.1, 3.2, 3.3'",
            "version": "==1.16.0"
        },
        "typeguard": {
            "hashes": [
                "sha256:00edaa8da3a133674796cf5ea87d9f4b4c367d77476e185e80251cc13dfbb8c4",
                "sha256:5e3e3be01e887e7eafae5af63d1f36c849aaa94e3a0112097312aabfa16284f1"
            ],
            "markers": "python_full_version >= '3.5.3'",
            "version": "==2.13.3"
        },
        "typing-extensions": {
            "hashes": [
                "sha256:69b1a937c3a517342112fb4c6df7e72fc39a38e7891a5730ed4985b5214b5475",
                "sha256:b0abd7c89e8fb96f98db18d86106ff1d90ab692004eb746cf6eda2682f91b3cb"
            ],
            "markers": "python_version >= '3.8'",
            "version": "==4.10.0"
        }
    },
    "develop": {}
}
